<?xml version="1.0" encoding="utf-8"?>
<Project ToolsVersion="4.0" xmlns="http://schemas.microsoft.com/developer/msbuild/2003">
  <ItemGroup>
    <Filter Include="源文件">
      <UniqueIdentifier>{d641d82d-d19e-4af1-9939-54fc71bb54a3}</UniqueIdentifier>
    </Filter>
    <Filter Include="头文件">
      <UniqueIdentifier>{1ae02355-f165-4d42-9e04-230000b0bada}</UniqueIdentifier>
    </Filter>
    <Filter Include="Form Files">
      <UniqueIdentifier>{df496baf-0008-43e1-852a-199d94cd6425}</UniqueIdentifier>
    </Filter>
    <Filter Include="Module">
      <UniqueIdentifier>{44960231-3168-4e90-8be2-91f6d7fe373d}</UniqueIdentifier>
    </Filter>
    <Filter Include="Utils">
      <UniqueIdentifier>{5e4cd2d6-ff93-4ea9-93fb-08d953987350}</UniqueIdentifier>
    </Filter>
    <Filter Include="EAppControl">
      <UniqueIdentifier>{9d26bf07-5f86-4df9-aae5-5cb39a6394d1}</UniqueIdentifier>
    </Filter>
  </ItemGroup>
  <ItemGroup>
    <ClCompile Include="SectionManager.cpp">
      <Filter>头文件</Filter>
    </ClCompile>
    <ClCompile Include="TrieTree.cpp">
      <Filter>头文件</Filter>
    </ClCompile>
    <ClCompile Include="EDecompiler.cpp">
      <Filter>源文件</Filter>
    </ClCompile>
    <ClCompile Include="ControlInfoWidget.cpp">
      <Filter>头文件</Filter>
    </ClCompile>
    <ClCompile Include="ESymbol.cpp">
      <Filter>源文件</Filter>
    </ClCompile>
    <ClCompile Include="Module\CTreeFixer.cpp">
      <Filter>Module</Filter>
    </ClCompile>
    <ClCompile Include="Utils\Strings.cpp">
      <Filter>Utils</Filter>
    </ClCompile>
    <ClCompile Include="Utils\IDAWrapper.cpp">
      <Filter>Utils</Filter>
    </ClCompile>
    <ClCompile Include="Utils\Common.cpp">
      <Filter>Utils</Filter>
    </ClCompile>
    <ClCompile Include="EAppControl\EAppControlFactory.cpp">
      <Filter>EAppControl</Filter>
    </ClCompile>
    <ClCompile Include="EAppControl\CKrnl_window.cpp">
      <Filter>EAppControl</Filter>
    </ClCompile>
    <ClCompile Include="EAppControl\CKrnl_Button.cpp">
      <Filter>EAppControl</Filter>
    </ClCompile>
    <ClCompile Include="EAppControl\EAppControl.cpp">
      <Filter>EAppControl</Filter>
    </ClCompile>
    <ClCompile Include="EAppControl\CKrnl_ChkListBox.cpp">
      <Filter>EAppControl</Filter>
    </ClCompile>
    <ClCompile Include="EAppControl\CKrnl_ComboBox.cpp">
      <Filter>EAppControl</Filter>
    </ClCompile>
    <ClCompile Include="EAppControl\CKrnl_DrawPanel.cpp">
      <Filter>EAppControl</Filter>
    </ClCompile>
    <ClCompile Include="EAppControl\CKrnl_DropTarget.cpp">
      <Filter>EAppControl</Filter>
    </ClCompile>
    <ClCompile Include="EAppControl\CKrnl_EditBox.cpp">
      <Filter>EAppControl</Filter>
    </ClCompile>
    <ClCompile Include="EAppControl\CKrnl_GroupBox.cpp">
      <Filter>EAppControl</Filter>
    </ClCompile>
    <ClCompile Include="EAppControl\CKrnl_HScrollBar.cpp">
      <Filter>EAppControl</Filter>
    </ClCompile>
    <ClCompile Include="EAppControl\CKrnl_Label.cpp">
      <Filter>EAppControl</Filter>
    </ClCompile>
    <ClCompile Include="EAppControl\CKrnl_ListBox.cpp">
      <Filter>EAppControl</Filter>
    </ClCompile>
    <ClCompile Include="EAppControl\CKrnl_PicBox.cpp">
      <Filter>EAppControl</Filter>
    </ClCompile>
    <ClCompile Include="EAppControl\CKrnl_PicBtn.cpp">
      <Filter>EAppControl</Filter>
    </ClCompile>
    <ClCompile Include="EAppControl\CKrnl_ProcessBar.cpp">
      <Filter>EAppControl</Filter>
    </ClCompile>
    <ClCompile Include="EAppControl\CKrnl_RadioBox.cpp">
      <Filter>EAppControl</Filter>
    </ClCompile>
    <ClCompile Include="EAppControl\CKrnl_ShapeBox.cpp">
      <Filter>EAppControl</Filter>
    </ClCompile>
    <ClCompile Include="EAppControl\CKrnl_SliderBar.cpp">
      <Filter>EAppControl</Filter>
    </ClCompile>
    <ClCompile Include="EAppControl\CKrnl_Tab.cpp">
      <Filter>EAppControl</Filter>
    </ClCompile>
    <ClCompile Include="EAppControl\CKrnl_Timer.cpp">
      <Filter>EAppControl</Filter>
    </ClCompile>
    <ClCompile Include="EAppControl\CKrnl_VScrollBar.cpp">
      <Filter>EAppControl</Filter>
    </ClCompile>
    <ClCompile Include="EAppControl\CKrnl_AnimateBox.cpp">
      <Filter>EAppControl</Filter>
    </ClCompile>
    <ClCompile Include="EAppControl\CKrnl_CheckBox.cpp">
      <Filter>EAppControl</Filter>
    </ClCompile>
    <ClCompile Include="Utils\IDAMenu.cpp">
      <Filter>Utils</Filter>
    </ClCompile>
    <ClCompile Include="Module\ECSigMaker.cpp">
      <Filter>Module</Filter>
    </ClCompile>
    <ClCompile Include="Module\EAppControlXref.cpp">
      <Filter>Module</Filter>
    </ClCompile>
    <ClCompile Include="Module\ShowEventList.cpp">
      <Filter>Module</Filter>
    </ClCompile>
    <ClCompile Include="Module\ShowImports.cpp">
      <Filter>Module</Filter>
    </ClCompile>
    <ClCompile Include="Module\MicroCodeFixer.cpp">
      <Filter>Module</Filter>
    </ClCompile>
    <ClCompile Include="EAppControl\CIext2_IPEditBox.cpp">
      <Filter>EAppControl</Filter>
    </ClCompile>
    <ClCompile Include="EAppControl\CIext2_RichEdit.cpp">
      <Filter>EAppControl</Filter>
    </ClCompile>
    <ClCompile Include="EAppControl\CIext2_SplitterBar.cpp">
      <Filter>EAppControl</Filter>
    </ClCompile>
    <ClCompile Include="EAppControl\CIext2_SuperAnimateBox.cpp">
      <Filter>EAppControl</Filter>
    </ClCompile>
    <ClCompile Include="EAppControl\CIext2_SuperBtn.cpp">
      <Filter>EAppControl</Filter>
    </ClCompile>
    <ClCompile Include="EAppControl\CIext2_CartoonBox.cpp">
      <Filter>EAppControl</Filter>
    </ClCompile>
    <ClCompile Include="Module\ECSigScanner.cpp">
      <Filter>Module</Filter>
    </ClCompile>
    <ClCompile Include="Utils\md5.cpp">
      <Filter>Utils</Filter>
    </ClCompile>
  </ItemGroup>
  <ItemGroup>
    <ClInclude Include="SectionManager.h">
      <Filter>头文件</Filter>
    </ClInclude>
    <ClInclude Include="TrieTree.h">
      <Filter>头文件</Filter>
    </ClInclude>
    <ClInclude Include="resource.h" />
    <ClInclude Include="ControlInfoWidget.h">
      <Filter>头文件</Filter>
    </ClInclude>
    <ClInclude Include="PropertyDelegate.h">
      <Filter>头文件</Filter>
    </ClInclude>
    <ClInclude Include="EDecompiler.h">
      <Filter>源文件</Filter>
    </ClInclude>
    <ClInclude Include="ESymbol.h">
      <Filter>源文件</Filter>
    </ClInclude>
    <ClInclude Include="Module\CTreeFixer.h">
      <Filter>Module</Filter>
    </ClInclude>
    <ClInclude Include="Utils\Strings.h">
      <Filter>Utils</Filter>
    </ClInclude>
    <ClInclude Include="Utils\IDAWrapper.h">
      <Filter>Utils</Filter>
    </ClInclude>
    <ClInclude Include="Utils\Common.h">
      <Filter>Utils</Filter>
    </ClInclude>
    <ClInclude Include="EAppControl\EAppControlFactory.h">
      <Filter>EAppControl</Filter>
    </ClInclude>
    <ClInclude Include="EAppControl\CKrnl_window.h">
      <Filter>EAppControl</Filter>
    </ClInclude>
    <ClInclude Include="EAppControl\CKrnl_Button.h">
      <Filter>EAppControl</Filter>
    </ClInclude>
    <ClInclude Include="EAppControl\EAppControl.h">
      <Filter>EAppControl</Filter>
    </ClInclude>
    <ClInclude Include="ELib.h">
      <Filter>源文件</Filter>
    </ClInclude>
    <ClInclude Include="EAppControl\CKrnl_ChkListBox.h">
      <Filter>EAppControl</Filter>
    </ClInclude>
    <ClInclude Include="EAppControl\CKrnl_ComboBox.h">
      <Filter>EAppControl</Filter>
    </ClInclude>
    <ClInclude Include="EAppControl\CKrnl_DrawPanel.h">
      <Filter>EAppControl</Filter>
    </ClInclude>
    <ClInclude Include="EAppControl\CKrnl_DropTarget.h">
      <Filter>EAppControl</Filter>
    </ClInclude>
    <ClInclude Include="EAppControl\CKrnl_EditBox.h">
      <Filter>EAppControl</Filter>
    </ClInclude>
    <ClInclude Include="EAppControl\CKrnl_GroupBox.h">
      <Filter>EAppControl</Filter>
    </ClInclude>
    <ClInclude Include="EAppControl\CKrnl_HScrollBar.h">
      <Filter>EAppControl</Filter>
    </ClInclude>
    <ClInclude Include="EAppControl\CKrnl_Label.h">
      <Filter>EAppControl</Filter>
    </ClInclude>
    <ClInclude Include="EAppControl\CKrnl_ListBox.h">
      <Filter>EAppControl</Filter>
    </ClInclude>
    <ClInclude Include="EAppControl\CKrnl_PicBox.h">
      <Filter>EAppControl</Filter>
    </ClInclude>
    <ClInclude Include="EAppControl\CKrnl_PicBtn.h">
      <Filter>EAppControl</Filter>
    </ClInclude>
    <ClInclude Include="EAppControl\CKrnl_ProcessBar.h">
      <Filter>EAppControl</Filter>
    </ClInclude>
    <ClInclude Include="EAppControl\CKrnl_RadioBox.h">
      <Filter>EAppControl</Filter>
    </ClInclude>
    <ClInclude Include="EAppControl\CKrnl_ShapeBox.h">
      <Filter>EAppControl</Filter>
    </ClInclude>
    <ClInclude Include="EAppControl\CKrnl_SliderBar.h">
      <Filter>EAppControl</Filter>
    </ClInclude>
    <ClInclude Include="EAppControl\CKrnl_Tab.h">
      <Filter>EAppControl</Filter>
    </ClInclude>
    <ClInclude Include="EAppControl\CKrnl_Timer.h">
      <Filter>EAppControl</Filter>
    </ClInclude>
    <ClInclude Include="EAppControl\CKrnl_VScrollBar.h">
      <Filter>EAppControl</Filter>
    </ClInclude>
    <ClInclude Include="EAppControl\CKrnl_AnimateBox.h">
      <Filter>EAppControl</Filter>
    </ClInclude>
    <ClInclude Include="EAppControl\CKrnl_CheckBox.h">
      <Filter>EAppControl</Filter>
    </ClInclude>
    <ClInclude Include="Utils\IDAMenu.h">
      <Filter>Utils</Filter>
    </ClInclude>
    <ClInclude Include="Module\ECSigMaker.h">
      <Filter>Module</Filter>
    </ClInclude>
    <ClInclude Include="Module\EAppControlXref.h">
      <Filter>Module</Filter>
    </ClInclude>
    <ClInclude Include="Module\ShowEventList.h">
      <Filter>Module</Filter>
    </ClInclude>
    <ClInclude Include="Module\ShowImports.h">
      <Filter>Module</Filter>
    </ClInclude>
    <ClInclude Include="Module\MicroCodeFixer.h">
      <Filter>Module</Filter>
    </ClInclude>
    <ClInclude Include="EAppControl\CIext2_IPEditBox.h">
      <Filter>EAppControl</Filter>
    </ClInclude>
    <ClInclude Include="EAppControl\CIext2_RichEdit.h">
      <Filter>EAppControl</Filter>
    </ClInclude>
    <ClInclude Include="EAppControl\CIext2_SplitterBar.h">
      <Filter>EAppControl</Filter>
    </ClInclude>
    <ClInclude Include="EAppControl\CIext2_SuperAnimateBox.h">
      <Filter>EAppControl</Filter>
    </ClInclude>
    <ClInclude Include="EAppControl\CIext2_SuperBtn.h">
      <Filter>EAppControl</Filter>
    </ClInclude>
    <ClInclude Include="EAppControl\CIext2_CartoonBox.h">
      <Filter>EAppControl</Filter>
    </ClInclude>
    <ClInclude Include="Module\ECSigScanner.h">
      <Filter>Module</Filter>
    </ClInclude>
    <ClInclude Include="Utils\md5.h">
      <Filter>Utils</Filter>
    </ClInclude>
  </ItemGroup>
  <ItemGroup>
    <ResourceCompile Include="E-Decompiler.rc" />
  </ItemGroup>
  <ItemGroup>
    <QtUic Include="ControlInfoWidget.ui">
      <Filter>Form Files</Filter>
    </QtUic>
  </ItemGroup>
  <ItemGroup>
    <QtRcc Include="ImageResource.qrc" />
  </ItemGroup>
</Project>