<?xml version="1.0" encoding="utf-8"?>
<Project ToolsVersion="4.0" xmlns="http://schemas.microsoft.com/developer/msbuild/2003">
  <ItemGroup>
    <Filter Include="源文件">
      <UniqueIdentifier>{d641d82d-d19e-4af1-9939-54fc71bb54a3}</UniqueIdentifier>
    </Filter>
    <Filter Include="头文件">
      <UniqueIdentifier>{1ae02355-f165-4d42-9e04-230000b0bada}</UniqueIdentifier>
    </Filter>
    <Filter Include="Form Files">
      <UniqueIdentifier>{df496baf-0008-43e1-852a-199d94cd6425}</UniqueIdentifier>
    </Filter>
    <Filter Include="头文件\EAppControl">
      <UniqueIdentifier>{249a2c28-d9c2-4338-a77b-1c86969c78f6}</UniqueIdentifier>
    </Filter>
    <Filter Include="头文件\EParserModule">
      <UniqueIdentifier>{7e8b0502-070c-46e6-8e45-10eb25138482}</UniqueIdentifier>
    </Filter>
    <Filter Include="头文件\oxFF">
      <UniqueIdentifier>{c91c4165-000d-4665-822b-af64b1ce4133}</UniqueIdentifier>
    </Filter>
    <Filter Include="头文件\common">
      <UniqueIdentifier>{2b62291f-f5ea-4689-82d2-deed85d98d58}</UniqueIdentifier>
    </Filter>
  </ItemGroup>
  <ItemGroup>
    <ClCompile Include="main.cpp">
      <Filter>源文件</Filter>
    </ClCompile>
    <ClCompile Include="SectionManager.cpp">
      <Filter>头文件</Filter>
    </ClCompile>
    <ClCompile Include="TrieTree.cpp">
      <Filter>头文件</Filter>
    </ClCompile>
    <ClCompile Include="EDecompiler.cpp">
      <Filter>源文件</Filter>
    </ClCompile>
    <ClCompile Include="ControlInfoWidget.cpp">
      <Filter>头文件</Filter>
    </ClCompile>
    <ClCompile Include="UserResourceParser.cpp">
      <Filter>头文件\EParserModule</Filter>
    </ClCompile>
    <ClCompile Include="GuiParser.cpp">
      <Filter>头文件\EParserModule</Filter>
    </ClCompile>
    <ClCompile Include="ESigScanner.cpp">
      <Filter>头文件\EParserModule</Filter>
    </ClCompile>
    <ClCompile Include="EAppControl\krnl_Button.cpp">
      <Filter>头文件\EAppControl</Filter>
    </ClCompile>
    <ClCompile Include="EAppControl\krnl_CheckBox.cpp">
      <Filter>头文件\EAppControl</Filter>
    </ClCompile>
    <ClCompile Include="EAppControl\krnl_DropTarget.cpp">
      <Filter>头文件\EAppControl</Filter>
    </ClCompile>
    <ClCompile Include="EAppControl\krnl_EditBox.cpp">
      <Filter>头文件\EAppControl</Filter>
    </ClCompile>
    <ClCompile Include="EAppControl\krnl_Label.cpp">
      <Filter>头文件\EAppControl</Filter>
    </ClCompile>
    <ClCompile Include="EAppControl\krnl_ListBox.cpp">
      <Filter>头文件\EAppControl</Filter>
    </ClCompile>
    <ClCompile Include="EAppControl\krnl_PicBox.cpp">
      <Filter>头文件\EAppControl</Filter>
    </ClCompile>
    <ClCompile Include="EAppControl\krnl_PicBtn.cpp">
      <Filter>头文件\EAppControl</Filter>
    </ClCompile>
    <ClCompile Include="EAppControl\krnl_RadioBox.cpp">
      <Filter>头文件\EAppControl</Filter>
    </ClCompile>
    <ClCompile Include="EAppControl\krnl_ShapeBox.cpp">
      <Filter>头文件\EAppControl</Filter>
    </ClCompile>
    <ClCompile Include="EAppControl\krnl_Timer.cpp">
      <Filter>头文件\EAppControl</Filter>
    </ClCompile>
    <ClCompile Include="EAppControl\krnl_window.cpp">
      <Filter>头文件\EAppControl</Filter>
    </ClCompile>
    <ClCompile Include="EAppControl\EAppControl.cpp">
      <Filter>头文件\EAppControl</Filter>
    </ClCompile>
    <ClCompile Include="EAppControl\EAppControlFactory.cpp">
      <Filter>头文件\EAppControl</Filter>
    </ClCompile>
    <ClCompile Include="oxFF\oxFF.cpp">
      <Filter>头文件\oxFF</Filter>
    </ClCompile>
    <ClCompile Include="oxFF\BasicBlock.cpp">
      <Filter>头文件\oxFF</Filter>
    </ClCompile>
    <ClCompile Include="oxFF\ControlFlowGraph.cpp">
      <Filter>头文件\oxFF</Filter>
    </ClCompile>
    <ClCompile Include="ImportsParser.cpp">
      <Filter>头文件\EParserModule</Filter>
    </ClCompile>
    <ClCompile Include="ECSigParser.cpp">
      <Filter>头文件\EParserModule</Filter>
    </ClCompile>
    <ClCompile Include="common\public.cpp">
      <Filter>头文件\common</Filter>
    </ClCompile>
    <ClCompile Include="common\IDAMenu.cpp">
      <Filter>头文件\common</Filter>
    </ClCompile>
    <ClCompile Include="common\md5.cpp">
      <Filter>头文件\common</Filter>
    </ClCompile>
    <ClCompile Include="EAppControl\krnl_DrawPanel.cpp">
      <Filter>头文件\EAppControl</Filter>
    </ClCompile>
    <ClCompile Include="EAppControl\krnl_GroupBox.cpp">
      <Filter>头文件\EAppControl</Filter>
    </ClCompile>
    <ClCompile Include="EAppControl\krnl_ComboBox.cpp">
      <Filter>头文件\EAppControl</Filter>
    </ClCompile>
    <ClCompile Include="EAppControl\krnl_ChkListBox.cpp">
      <Filter>头文件\EAppControl</Filter>
    </ClCompile>
  </ItemGroup>
  <ItemGroup>
    <ClInclude Include="SectionManager.h">
      <Filter>头文件</Filter>
    </ClInclude>
    <ClInclude Include="TrieTree.h">
      <Filter>头文件</Filter>
    </ClInclude>
    <ClInclude Include="resource.h" />
    <ClInclude Include="ControlInfoWidget.h">
      <Filter>头文件</Filter>
    </ClInclude>
    <ClInclude Include="PropertyDelegate.h">
      <Filter>头文件</Filter>
    </ClInclude>
    <ClInclude Include="UserResourceParser.h">
      <Filter>头文件\EParserModule</Filter>
    </ClInclude>
    <ClInclude Include="GuiParser.h">
      <Filter>头文件\EParserModule</Filter>
    </ClInclude>
    <ClInclude Include="EsigScanner.h">
      <Filter>头文件\EParserModule</Filter>
    </ClInclude>
    <ClInclude Include="EDecompiler.h">
      <Filter>源文件</Filter>
    </ClInclude>
    <ClInclude Include="EAppControl\krnl_Button.h">
      <Filter>头文件\EAppControl</Filter>
    </ClInclude>
    <ClInclude Include="EAppControl\krnl_CheckBox.h">
      <Filter>头文件\EAppControl</Filter>
    </ClInclude>
    <ClInclude Include="EAppControl\krnl_DropTarget.h">
      <Filter>头文件\EAppControl</Filter>
    </ClInclude>
    <ClInclude Include="EAppControl\krnl_EditBox.h">
      <Filter>头文件\EAppControl</Filter>
    </ClInclude>
    <ClInclude Include="EAppControl\krnl_Label.h">
      <Filter>头文件\EAppControl</Filter>
    </ClInclude>
    <ClInclude Include="EAppControl\krnl_ListBox.h">
      <Filter>头文件\EAppControl</Filter>
    </ClInclude>
    <ClInclude Include="EAppControl\krnl_PicBox.h">
      <Filter>头文件\EAppControl</Filter>
    </ClInclude>
    <ClInclude Include="EAppControl\krnl_PicBtn.h">
      <Filter>头文件\EAppControl</Filter>
    </ClInclude>
    <ClInclude Include="EAppControl\krnl_RadioBox.h">
      <Filter>头文件\EAppControl</Filter>
    </ClInclude>
    <ClInclude Include="EAppControl\krnl_ShapeBox.h">
      <Filter>头文件\EAppControl</Filter>
    </ClInclude>
    <ClInclude Include="EAppControl\krnl_Timer.h">
      <Filter>头文件\EAppControl</Filter>
    </ClInclude>
    <ClInclude Include="EAppControl\krnl_window.h">
      <Filter>头文件\EAppControl</Filter>
    </ClInclude>
    <ClInclude Include="EAppControl\EAppControl.h">
      <Filter>头文件\EAppControl</Filter>
    </ClInclude>
    <ClInclude Include="EAppControl\EAppControlFactory.h">
      <Filter>头文件\EAppControl</Filter>
    </ClInclude>
    <ClInclude Include="oxFF\oxFF.h">
      <Filter>头文件\oxFF</Filter>
    </ClInclude>
    <ClInclude Include="oxFF\BasicBlock.h">
      <Filter>头文件\oxFF</Filter>
    </ClInclude>
    <ClInclude Include="oxFF\ControlFlowGraph.h">
      <Filter>头文件\oxFF</Filter>
    </ClInclude>
    <ClInclude Include="ImportsParser.h">
      <Filter>头文件\EParserModule</Filter>
    </ClInclude>
    <ClInclude Include="ECSigParser.h">
      <Filter>头文件\EParserModule</Filter>
    </ClInclude>
    <ClInclude Include="common\IDAMenu.h">
      <Filter>头文件\common</Filter>
    </ClInclude>
    <ClInclude Include="common\public.h">
      <Filter>头文件\common</Filter>
    </ClInclude>
    <ClInclude Include="common\md5.h">
      <Filter>头文件\common</Filter>
    </ClInclude>
    <ClInclude Include="EAppControl\krnl_DrawPanel.h">
      <Filter>头文件\EAppControl</Filter>
    </ClInclude>
    <ClInclude Include="EAppControl\krnl_GroupBox.h">
      <Filter>头文件\EAppControl</Filter>
    </ClInclude>
    <ClInclude Include="EAppControl\krnl_ComboBox.h">
      <Filter>头文件\EAppControl</Filter>
    </ClInclude>
    <ClInclude Include="EAppControl\krnl_ChkListBox.h">
      <Filter>头文件\EAppControl</Filter>
    </ClInclude>
  </ItemGroup>
  <ItemGroup>
    <ResourceCompile Include="E-Decompiler.rc" />
  </ItemGroup>
  <ItemGroup>
    <QtUic Include="ControlInfoWidget.ui">
      <Filter>Form Files</Filter>
    </QtUic>
  </ItemGroup>
  <ItemGroup>
    <QtRcc Include="ImageResource.qrc" />
  </ItemGroup>
</Project>