<?xml version="1.0" encoding="utf-8"?>
<Project ToolsVersion="4.0" xmlns="http://schemas.microsoft.com/developer/msbuild/2003">
  <ItemGroup>
    <Filter Include="源文件">
      <UniqueIdentifier>{d641d82d-d19e-4af1-9939-54fc71bb54a3}</UniqueIdentifier>
    </Filter>
    <Filter Include="头文件">
      <UniqueIdentifier>{1ae02355-f165-4d42-9e04-230000b0bada}</UniqueIdentifier>
    </Filter>
    <Filter Include="Form Files">
      <UniqueIdentifier>{df496baf-0008-43e1-852a-199d94cd6425}</UniqueIdentifier>
    </Filter>
    <Filter Include="头文件\EAppControl">
      <UniqueIdentifier>{249a2c28-d9c2-4338-a77b-1c86969c78f6}</UniqueIdentifier>
    </Filter>
  </ItemGroup>
  <ItemGroup>
    <ClCompile Include="main.cpp">
      <Filter>源文件</Filter>
    </ClCompile>
    <ClCompile Include="EsigLoader.cpp">
      <Filter>头文件</Filter>
    </ClCompile>
    <ClCompile Include="IDAMenu.cpp">
      <Filter>头文件</Filter>
    </ClCompile>
    <ClCompile Include="public.cpp">
      <Filter>头文件</Filter>
    </ClCompile>
    <ClCompile Include="SectionManager.cpp">
      <Filter>头文件</Filter>
    </ClCompile>
    <ClCompile Include="TrieTree.cpp">
      <Filter>头文件</Filter>
    </ClCompile>
    <ClCompile Include="EDecompiler.cpp">
      <Filter>源文件</Filter>
    </ClCompile>
    <ClCompile Include="ControlInfoWidget.cpp">
      <Filter>头文件</Filter>
    </ClCompile>
    <ClCompile Include="E_WinForm.cpp">
      <Filter>头文件\EAppControl</Filter>
    </ClCompile>
    <ClCompile Include="PropertyDelegate.cpp">
      <Filter>头文件</Filter>
    </ClCompile>
  </ItemGroup>
  <ItemGroup>
    <ClInclude Include="EDecompiler.h">
      <Filter>头文件</Filter>
    </ClInclude>
    <ClInclude Include="EsigLoader.h">
      <Filter>头文件</Filter>
    </ClInclude>
    <ClInclude Include="IDAMenu.h">
      <Filter>头文件</Filter>
    </ClInclude>
    <ClInclude Include="public.h">
      <Filter>头文件</Filter>
    </ClInclude>
    <ClInclude Include="SectionManager.h">
      <Filter>头文件</Filter>
    </ClInclude>
    <ClInclude Include="TrieTree.h">
      <Filter>头文件</Filter>
    </ClInclude>
    <ClInclude Include="resource.h" />
    <ClInclude Include="ControlInfoWidget.h">
      <Filter>头文件</Filter>
    </ClInclude>
    <ClInclude Include="E_WinForm.h">
      <Filter>头文件\EAppControl</Filter>
    </ClInclude>
    <ClInclude Include="PropertyDelegate.h">
      <Filter>头文件</Filter>
    </ClInclude>
  </ItemGroup>
  <ItemGroup>
    <ResourceCompile Include="E-Decompiler.rc" />
  </ItemGroup>
  <ItemGroup>
    <QtUic Include="ControlInfoWidget.ui">
      <Filter>Form Files</Filter>
    </QtUic>
  </ItemGroup>
</Project>